
Microsoft Visual Studio Solution File, Format Version 12.00
# Visual Studio Version 16
VisualStudioVersion = 16.0.29613.14
MinimumVisualStudioVersion = 10.0.40219.1
Project("{9A19103F-16F7-4668-BE54-9A1E7A4F7556}") = "Build.multitarget.sdk.project", "Build.multitarget.sdk.project\Build.multitarget.sdk.project.csproj", "{B61422CA-8621-4675-9B7A-3EE5F4BDA288}"
EndProject
Project("{9A19103F-16F7-4668-BE54-9A1E7A4F7556}") = "Build.net472.sdk.project", "Build.net472.sdk.project\Build.net472.sdk.project.csproj", "{5F8A0941-B7E6-42C5-9A94-CE8922531D1F}"
EndProject
Project("{9A19103F-16F7-4668-BE54-9A1E7A4F7556}") = "Build.netstandard20.sdk.project", "Build.netstandard20.sdk.project\Build.netstandard20.sdk.project.csproj", "{44F335F4-35B0-46EA-8164-46FCBB694C53}"
EndProject
Project("{FAE04EC0-301F-11D3-BF4B-00C04F79EFBC}") = "Build.net472.project", "Build.net472.project\Build.net472.project.csproj", "{26485475-FDDB-4B60-AD3F-3C9CFDDB523C}"
EndProject
Project("{FAE04EC0-301F-11D3-BF4B-00C04F79EFBC}") = "Build.Test.Locator.net472", "Build.Test.Locator.net472\Build.Test.Locator.net472.csproj", "{74174860-2955-4070-94BB-B16A9ABB4FC8}"
EndProject
Project("{9A19103F-16F7-4668-BE54-9A1E7A4F7556}") = "Build.Test.Locator.netcore22", "Build.Test.Locator.netcore22\Build.Test.Locator.netcore22.csproj", "{422DBF3F-2583-4E58-8F94-3ADF87151196}"
EndProject
Project("{FAE04EC0-301F-11D3-BF4B-00C04F79EFBC}") = "Build.Test.net472", "Build.Test.net472\Build.Test.net472.csproj", "{1D0BB22A-60EF-4E6B-A58A-46ABBE99AE85}"
EndProject
Project("{9A19103F-16F7-4668-BE54-9A1E7A4F7556}") = "Build.Test.netcore22", "Build.Test.netcore22\Build.Test.netcore22.csproj", "{DF46F588-E243-44B4-AD7C-043B46C132F9}"
EndProject
Global
	GlobalSection(SolutionConfigurationPlatforms) = preSolution
		Debug|Any CPU = Debug|Any CPU
		Release|Any CPU = Release|Any CPU
	EndGlobalSection
	GlobalSection(ProjectConfigurationPlatforms) = postSolution
		{B61422CA-8621-4675-9B7A-3EE5F4BDA288}.Debug|Any CPU.ActiveCfg = Debug|Any CPU
		{B61422CA-8621-4675-9B7A-3EE5F4BDA288}.Debug|Any CPU.Build.0 = Debug|Any CPU
		{B61422CA-8621-4675-9B7A-3EE5F4BDA288}.Release|Any CPU.ActiveCfg = Release|Any CPU
		{B61422CA-8621-4675-9B7A-3EE5F4BDA288}.Release|Any CPU.Build.0 = Release|Any CPU
		{5F8A0941-B7E6-42C5-9A94-CE8922531D1F}.Debug|Any CPU.ActiveCfg = Debug|Any CPU
		{5F8A0941-B7E6-42C5-9A94-CE8922531D1F}.Debug|Any CPU.Build.0 = Debug|Any CPU
		{5F8A0941-B7E6-42C5-9A94-CE8922531D1F}.Release|Any CPU.ActiveCfg = Release|Any CPU
		{5F8A0941-B7E6-42C5-9A94-CE8922531D1F}.Release|Any CPU.Build.0 = Release|Any CPU
		{44F335F4-35B0-46EA-8164-46FCBB694C53}.Debug|Any CPU.ActiveCfg = Debug|Any CPU
		{44F335F4-35B0-46EA-8164-46FCBB694C53}.Debug|Any CPU.Build.0 = Debug|Any CPU
		{44F335F4-35B0-46EA-8164-46FCBB694C53}.Release|Any CPU.ActiveCfg = Release|Any CPU
		{44F335F4-35B0-46EA-8164-46FCBB694C53}.Release|Any CPU.Build.0 = Release|Any CPU
		{26485475-FDDB-4B60-AD3F-3C9CFDDB523C}.Debug|Any CPU.ActiveCfg = Debug|Any CPU
		{26485475-FDDB-4B60-AD3F-3C9CFDDB523C}.Debug|Any CPU.Build.0 = Debug|Any CPU
		{26485475-FDDB-4B60-AD3F-3C9CFDDB523C}.Release|Any CPU.ActiveCfg = Release|Any CPU
		{26485475-FDDB-4B60-AD3F-3C9CFDDB523C}.Release|Any CPU.Build.0 = Release|Any CPU
		{74174860-2955-4070-94BB-B16A9ABB4FC8}.Debug|Any CPU.ActiveCfg = Debug|Any CPU
		{74174860-2955-4070-94BB-B16A9ABB4FC8}.Debug|Any CPU.Build.0 = Debug|Any CPU
		{74174860-2955-4070-94BB-B16A9ABB4FC8}.Release|Any CPU.ActiveCfg = Release|Any CPU
		{74174860-2955-4070-94BB-B16A9ABB4FC8}.Release|Any CPU.Build.0 = Release|Any CPU
		{422DBF3F-2583-4E58-8F94-3ADF87151196}.Debug|Any CPU.ActiveCfg = Debug|Any CPU
		{422DBF3F-2583-4E58-8F94-3ADF87151196}.Debug|Any CPU.Build.0 = Debug|Any CPU
		{422DBF3F-2583-4E58-8F94-3ADF87151196}.Release|Any CPU.ActiveCfg = Release|Any CPU
		{422DBF3F-2583-4E58-8F94-3ADF87151196}.Release|Any CPU.Build.0 = Release|Any CPU
		{1D0BB22A-60EF-4E6B-A58A-46ABBE99AE85}.Debug|Any CPU.ActiveCfg = Debug|Any CPU
		{1D0BB22A-60EF-4E6B-A58A-46ABBE99AE85}.Debug|Any CPU.Build.0 = Debug|Any CPU
		{1D0BB22A-60EF-4E6B-A58A-46ABBE99AE85}.Release|Any CPU.ActiveCfg = Release|Any CPU
		{1D0BB22A-60EF-4E6B-A58A-46ABBE99AE85}.Release|Any CPU.Build.0 = Release|Any CPU
		{DF46F588-E243-44B4-AD7C-043B46C132F9}.Debug|Any CPU.ActiveCfg = Debug|Any CPU
		{DF46F588-E243-44B4-AD7C-043B46C132F9}.Debug|Any CPU.Build.0 = Debug|Any CPU
		{DF46F588-E243-44B4-AD7C-043B46C132F9}.Release|Any CPU.ActiveCfg = Release|Any CPU
		{DF46F588-E243-44B4-AD7C-043B46C132F9}.Release|Any CPU.Build.0 = Release|Any CPU
	EndGlobalSection
	GlobalSection(SolutionProperties) = preSolution
		HideSolutionNode = FALSE
	EndGlobalSection
	GlobalSection(ExtensibilityGlobals) = postSolution
		SolutionGuid = {FF50BB22-41C8-4A07-B0AA-0E84AB9C1FB6}
	EndGlobalSection
EndGlobal
